{
  "version": "5",
  "specifiers": {
    "npm:@total-typescript/ts-reset@*": "0.6.1",
    "npm:zod@3": "3.25.76"
  },
  "npm": {
    "@total-typescript/ts-reset@0.6.1": {
      "integrity": "sha512-cka47fVSo6lfQDIATYqb/vO1nvFfbPw7uWLayIXIhGETj0wcOOlrlkobOMDNQOFr9QOafegUPq13V2+6vtD7yg=="
    },
    "zod@3.25.76": {
      "integrity": "sha512-gzUt/qt81nXsFGKIFcC3YnfEAx5NkunCfnDlvuBSSFS02bcXu4Lmea0AFIUwbLWxWPx3d9p8S5QoaujKcNQxcQ=="
    }
  },
  "workspace": {
    "dependencies": [
      "npm:@total-typescript/ts-reset@*",
      "npm:zod@3"
    ]
  }
}
